
Microsoft Visual Studio Solution File, Format Version 12.00
# Visual Studio Version 17
VisualStudioVersion = 17.0.31903.59
MinimumVisualStudioVersion = 10.0.40219.1
Project("{FAE04EC0-301F-11D3-BF4B-00C04F79EFBC}") = "API", "API\API.csproj", "{30218C05-CA12-4A7B-A9CC-554A78CA29FA}"
EndProject
Project("{FAE04EC0-301F-11D3-BF4B-00C04F79EFBC}") = "Core", "Core\Core.csproj", "{737B87D7-9A92-4DDD-B65B-88B72B0796CA}"
EndProject
Project("{FAE04EC0-301F-11D3-BF4B-00C04F79EFBC}") = "Infrastructure", "Infrastructure\Infrastructure.csproj", "{C3883DEB-F226-4826-85EE-B51F106E1FF6}"
EndProject
Global
	GlobalSection(SolutionConfigurationPlatforms) = preSolution
		Debug|Any CPU = Debug|Any CPU
		Release|Any CPU = Release|Any CPU
	EndGlobalSection
	GlobalSection(SolutionProperties) = preSolution
		HideSolutionNode = FALSE
	EndGlobalSection
	GlobalSection(ProjectConfigurationPlatforms) = postSolution
		{30218C05-CA12-4A7B-A9CC-554A78CA29FA}.Debug|Any CPU.ActiveCfg = Debug|Any CPU
		{30218C05-CA12-4A7B-A9CC-554A78CA29FA}.Debug|Any CPU.Build.0 = Debug|Any CPU
		{30218C05-CA12-4A7B-A9CC-554A78CA29FA}.Release|Any CPU.ActiveCfg = Release|Any CPU
		{30218C05-CA12-4A7B-A9CC-554A78CA29FA}.Release|Any CPU.Build.0 = Release|Any CPU
		{737B87D7-9A92-4DDD-B65B-88B72B0796CA}.Debug|Any CPU.ActiveCfg = Debug|Any CPU
		{737B87D7-9A92-4DDD-B65B-88B72B0796CA}.Debug|Any CPU.Build.0 = Debug|Any CPU
		{737B87D7-9A92-4DDD-B65B-88B72B0796CA}.Release|Any CPU.ActiveCfg = Release|Any CPU
		{737B87D7-9A92-4DDD-B65B-88B72B0796CA}.Release|Any CPU.Build.0 = Release|Any CPU
		{C3883DEB-F226-4826-85EE-B51F106E1FF6}.Debug|Any CPU.ActiveCfg = Debug|Any CPU
		{C3883DEB-F226-4826-85EE-B51F106E1FF6}.Debug|Any CPU.Build.0 = Debug|Any CPU
		{C3883DEB-F226-4826-85EE-B51F106E1FF6}.Release|Any CPU.ActiveCfg = Release|Any CPU
		{C3883DEB-F226-4826-85EE-B51F106E1FF6}.Release|Any CPU.Build.0 = Release|Any CPU
	EndGlobalSection
EndGlobal
